<?xml version="1.0" encoding="utf-8"?>
<Project ToolsVersion="4.0" xmlns="http://schemas.microsoft.com/developer/msbuild/2003">
  <ItemGroup>
    <Filter Include="Source Files">
      <UniqueIdentifier>{4FC737F1-C7A5-4376-A066-2A32D752A2FF}</UniqueIdentifier>
      <Extensions>cpp;c;cc;cxx;c++;cppm;ixx;def;odl;idl;hpj;bat;asm;asmx</Extensions>
    </Filter>
    <Filter Include="Header Files">
      <UniqueIdentifier>{93995380-89BD-4b04-88EB-625FBE52EBFB}</UniqueIdentifier>
      <Extensions>h;hh;hpp;hxx;h++;hm;inl;inc;ipp;xsd</Extensions>
    </Filter>
    <Filter Include="Resource Files">
      <UniqueIdentifier>{67DA6AB6-F800-4c08-8B7A-83BB121AAD01}</UniqueIdentifier>
      <Extensions>rc;ico;cur;bmp;dlg;rc2;rct;bin;rgs;gif;jpg;jpeg;jpe;resx;tiff;tif;png;wav;mfcribbon-ms</Extensions>
    </Filter>
  </ItemGroup>
  <ItemGroup>
    <ClCompile Include="debug_harness.cpp">
      <Filter>Source Files</Filter>
    </ClCompile>
    <ClCompile Include="src\decoder\riscv_decoder.cpp">
      <Filter>Source Files</Filter>
    </ClCompile>
    <ClCompile Include="tests\test_riscv_decoder.cpp">
      <Filter>Source Files</Filter>
    </ClCompile>
  </ItemGroup>
  <ItemGroup>
    <ClInclude Include="include\cpu_state.h">
      <Filter>Header Files</Filter>
    </ClInclude>
    <ClInclude Include="include\decoder.h">
      <Filter>Header Files</Filter>
    </ClInclude>
    <ClInclude Include="include\memory.h">
      <Filter>Header Files</Filter>
    </ClInclude>
    <ClInclude Include="include\loader.h">
      <Filter>Header Files</Filter>
    </ClInclude>
    <ClInclude Include="include\abi.h">
      <Filter>Header Files</Filter>
    </ClInclude>
    <ClInclude Include="include\APISerializer.h">
      <Filter>Header Files</Filter>
    </ClInclude>
    <ClInclude Include="include\APIServer.h">
      <Filter>Header Files</Filter>
    </ClInclude>
    <ClInclude Include="include\APITypes.h">
      <Filter>Header Files</Filter>
    </ClInclude>
    <ClInclude Include="include\bootstrap.h">
      <Filter>Header Files</Filter>
    </ClInclude>
    <ClInclude Include="include\BootTraceSystem.h">
      <Filter>Header Files</Filter>
    </ClInclude>
    <ClInclude Include="include\Console.h">
      <Filter>Header Files</Filter>
    </ClInclude>
    <ClInclude Include="include\ConsoleOutputBuffer.h">
      <Filter>Header Files</Filter>
    </ClInclude>
    <ClInclude Include="include\cpu.h">
      <Filter>Header Files</Filter>
    </ClInclude>
    <ClInclude Include="include\CPUContext.h">
      <Filter>Header Files</Filter>
    </ClInclude>
    <ClInclude Include="include\crt0.h">
      <Filter>Header Files</Filter>
    </ClInclude>
    <ClInclude Include="include\dynamic_linker.h">
      <Filter>Header Files</Filter>
    </ClInclude>
    <ClInclude Include="include\ExampleISAPlugin.h">
      <Filter>Header Files</Filter>
    </ClInclude>
    <ClInclude Include="include\FilesystemMount.h">
      <Filter>Header Files</Filter>
    </ClInclude>
    <ClInclude Include="include\Fuzzer.h">
      <Filter>Header Files</Filter>
    </ClInclude>
    <ClInclude Include="include\IA64ISAPlugin.h">
      <Filter>Header Files</Filter>
    </ClInclude>
    <ClInclude Include="include\ia64_decoders.h">
      <Filter>Header Files</Filter>
    </ClInclude>
    <ClInclude Include="include\ia64_formats.h">
      <Filter>Header Files</Filter>
    </ClInclude>
    <ClInclude Include="include\ia64_opcodes.h">
      <Filter>Header Files</Filter>
    </ClInclude>
    <ClInclude Include="include\ICPU.h">
      <Filter>Header Files</Filter>
    </ClInclude>
    <ClInclude Include="include\ICPUScheduler.h">
      <Filter>Header Files</Filter>
    </ClInclude>
    <ClInclude Include="include\IDecoder.h">
      <Filter>Header Files</Filter>
    </ClInclude>
    <ClInclude Include="include\IFilesystem.h">
      <Filter>Header Files</Filter>
    </ClInclude>
    <ClInclude Include="include\IISA.h">
      <Filter>Header Files</Filter>
    </ClInclude>
    <ClInclude Include="include\IMemory.h">
      <Filter>Header Files</Filter>
    </ClInclude>
    <ClInclude Include="include\IMMU.h">
      <Filter>Header Files</Filter>
    </ClInclude>
    <ClInclude Include="include\InitramfsDevice.h">
      <Filter>Header Files</Filter>
    </ClInclude>
    <ClInclude Include="include\InterruptController.h">
      <Filter>Header Files</Filter>
    </ClInclude>
    <ClInclude Include="include\IODevice.h">
      <Filter>Header Files</Filter>
    </ClInclude>
    <ClInclude Include="include\IPCAPIServer.h">
      <Filter>Header Files</Filter>
    </ClInclude>
    <ClInclude Include="include\ISAPluginRegistry.h">
      <Filter>Header Files</Filter>
    </ClInclude>
    <ClInclude Include="include\IStorageDevice.h">
      <Filter>Header Files</Filter>
    </ClInclude>
    <ClInclude Include="include\IVirtualMachine.h">
      <Filter>Header Files</Filter>
    </ClInclude>
    <ClInclude Include="include\JsonUtils.h">
      <Filter>Header Files</Filter>
    </ClInclude>
    <ClInclude Include="include\KernelPanic.h">
      <Filter>Header Files</Filter>
    </ClInclude>
    <ClInclude Include="include\KernelValidator.h">
      <Filter>Header Files</Filter>
    </ClInclude>
    <ClInclude Include="include\libc_bridge.h">
      <Filter>Header Files</Filter>
    </ClInclude>
    <ClInclude Include="include\linux_errno.h">
      <Filter>Header Files</Filter>
    </ClInclude>
    <ClInclude Include="include\logger.h">
      <Filter>Header Files</Filter>
    </ClInclude>
    <ClInclude Include="include\mmu.h">
      <Filter>Header Files</Filter>
    </ClInclude>
    <ClInclude Include="include\PageFault.h">
      <Filter>Header Files</Filter>
    </ClInclude>
    <ClInclude Include="include\PathResolver.h">
      <Filter>Header Files</Filter>
    </ClInclude>
    <ClInclude Include="include\Profiler.h">
      <Filter>Header Files</Filter>
    </ClInclude>
    <ClInclude Include="include\RawDiskDevice.h">
      <Filter>Header Files</Filter>
    </ClInclude>
    <ClInclude Include="include\RestAPIServer.h">
      <Filter>Header Files</Filter>
    </ClInclude>
    <ClInclude Include="include\SimpleCPUScheduler.h">
      <Filter>Header Files</Filter>
    </ClInclude>
    <ClInclude Include="include\SimpleReadOnlyFS.h">
      <Filter>Header Files</Filter>
    </ClInclude>
    <ClInclude Include="include\SyscallDispatcher.h">
      <Filter>Header Files</Filter>
    </ClInclude>
    <ClInclude Include="include\Timer.h">
      <Filter>Header Files</Filter>
    </ClInclude>
    <ClInclude Include="include\VirtualBlockDevice.h">
      <Filter>Header Files</Filter>
    </ClInclude>
    <ClInclude Include="include\VirtualDiskManager.h">
      <Filter>Header Files</Filter>
    </ClInclude>
    <ClInclude Include="include\VirtualMachine.h">
      <Filter>Header Files</Filter>
    </ClInclude>
    <ClInclude Include="include\VMBootStateMachine.h">
      <Filter>Header Files</Filter>
    </ClInclude>
    <ClInclude Include="include\VMConfiguration.h">
      <Filter>Header Files</Filter>
    </ClInclude>
    <ClInclude Include="include\VMManager.h">
      <Filter>Header Files</Filter>
    </ClInclude>
    <ClInclude Include="include\VMMetadata.h">
      <Filter>Header Files</Filter>
    </ClInclude>
    <ClInclude Include="include\VMSnapshot.h">
      <Filter>Header Files</Filter>
    </ClInclude>
    <ClInclude Include="include\VMSnapshotManager.h">
      <Filter>Header Files</Filter>
    </ClInclude>
    <ClInclude Include="include\Watchpoint.h">
      <Filter>Header Files</Filter>
    </ClInclude>
    <ClInclude Include="include\WebSocketServer.h">
      <Filter>Header Files</Filter>
    </ClInclude>
    <ClInclude Include="include\WebUIServer.h">
      <Filter>Header Files</Filter>
    </ClInclude>
    <ClInclude Include="include\FramebufferDevice.h">
      <Filter>Header Files</Filter>
    </ClInclude>
    <ClInclude Include="include\VMManager_DLL.h">
      <Filter>Header Files</Filter>
    </ClInclude>
    <ClInclude Include="include\ISO9660Parser.h">
      <Filter>Header Files</Filter>
    </ClInclude>
    <ClInclude Include="include\FATParser.h">
      <Filter>Header Files</Filter>
    </ClInclude>
    <ClInclude Include="include\PEParser.h">
      <Filter>Header Files</Filter>
    </ClInclude>
    <ClInclude Include="include\TestKernelHandler.h">
      <Filter>Header Files</Filter>
    </ClInclude>
    <ClInclude Include="include\riscv_decoder.h">
      <Filter>Header Files</Filter>
    </ClInclude>
  </ItemGroup>
  <ItemGroup>
    <Text Include="CMakeLists.txt" />
    <Text Include="output.log" />
    <Text Include="docs\riscv\rv64-decoder-status.txt" />
  </ItemGroup>
  <ItemGroup>
    <None Include="examples\configs\minimal-vm.json" />
    <None Include="examples\configs\server-vm.json" />
    <None Include="examples\configs\standard-vm.json" />
    <None Include="fix_all_decoders.ps1" />
    <None Include="fix_build.ps1" />
    <None Include="fix_decoders.py" />
    <None Include="guideXOS Hypervisor.vcxproj" />
    <None Include="kernels\kernel.ld" />
    <None Include="kernels\minimal_kernel.s" />
    <None Include="README.md" />
    <None Include="web\app.js" />
    <None Include="web\index.html" />
    <None Include="web\style.css" />
    <None Include="guideXOS Hypervisor Core.vcxproj" />
    <None Include="guideXOS Hypervisor DLL.vcxproj" />
    <None Include="build_dll.ps1" />
    <None Include="fix_core_project.ps1" />
    <None Include="fix_vcxproj.ps1" />
    <None Include="fix_vcxproj2.ps1" />
    <None Include="docs\RELOCATION_BUG_FIX.md" />
    <None Include="test_programs\TestKernelGenerator\Program.cs" />
    <None Include="test_programs\README.md" />
    <None Include="test_programs\TestKernelGenerator\TestKernelGenerator.csproj" />
    <None Include="fix_projects.py" />
    <None Include="fix_projects.ps1" />
    <None Include="add_project_ref.ps1" />
    <None Include="cleanup_hypervisor.ps1" />
  </ItemGroup>
</Project>