<?xml version="1.0" encoding="UTF-8"?>
<Solution>
	<Configurations>
		<BuildType Name="Debug"/>
		<Platform Name="x64"/>
	</Configurations>
	<Project Path="ALL_BUILD.vcxproj" Type="8bc9ceb8-8b4a-11d0-8d11-00a0c91bc942" Id="5d5a9bd1-87c6-3c13-b6af-e470a8d6d3ac" DefaultStartup="true">
		<BuildDependency Project="ZERO_CHECK.vcxproj"/>
		<BuildDependency Project="boot_trace_example.vcxproj"/>
		<BuildDependency Project="copy_web_files.vcxproj"/>
		<BuildDependency Project="debug_harness.vcxproj"/>
		<BuildDependency Project="ia64_iso_matrix.vcxproj"/>
		<BuildDependency Project="ia64emu.vcxproj"/>
		<BuildDependency Project="ia64emu_tests.vcxproj"/>
		<BuildDependency Project="kernel_validation_example.vcxproj"/>
		<BuildDependency Project="test_bootstrap.vcxproj"/>
		<BuildDependency Project="test_cpu_execution.vcxproj"/>
		<BuildDependency Project="test_debugger.vcxproj"/>
		<BuildDependency Project="test_elf_validation.vcxproj"/>
		<BuildDependency Project="test_fuzzer.vcxproj"/>
		<BuildDependency Project="test_io_devices.vcxproj"/>
		<BuildDependency Project="test_isa_plugin.vcxproj"/>
		<BuildDependency Project="test_mov_imm.vcxproj"/>
		<BuildDependency Project="test_new_instructions.vcxproj"/>
		<BuildDependency Project="test_profiler.vcxproj"/>
		<BuildDependency Project="test_riscv_decoder.vcxproj"/>
		<BuildDependency Project="test_riscv_fetch_decode.vcxproj"/>
		<BuildDependency Project="test_riscv_minimal_execution.vcxproj"/>
		<BuildDependency Project="test_syscall_dispatcher.vcxproj"/>
		<BuildDependency Project="test_vm_isolation.vcxproj"/>
		<BuildDependency Project="test_vmmanager.vcxproj"/>
		<BuildDependency Project="test_watchpoint.vcxproj"/>
		<BuildDependency Project="virtual_devices_example.vcxproj"/>
		<BuildDependency Project="virtual_disk_example.vcxproj"/>
		<BuildDependency Project="webui_example.vcxproj"/>
	</Project>
	<Project Path="INSTALL.vcxproj" Type="8bc9ceb8-8b4a-11d0-8d11-00a0c91bc942" Id="5fa1173f-170b-3c28-95da-0b59e0ab53f5">
		<BuildDependency Project="ALL_BUILD.vcxproj"/>
		<BuildDependency Project="ZERO_CHECK.vcxproj"/>
		<Build Solution="Debug|*" Project="false"/>
	</Project>
	<Project Path="RUN_TESTS.vcxproj" Type="8bc9ceb8-8b4a-11d0-8d11-00a0c91bc942" Id="2f7b9533-0033-3e0f-99a0-a76dbdb76f3f">
		<BuildDependency Project="ZERO_CHECK.vcxproj"/>
		<Build Solution="Debug|*" Project="false"/>
	</Project>
	<Project Path="ZERO_CHECK.vcxproj" Type="8bc9ceb8-8b4a-11d0-8d11-00a0c91bc942" Id="cf6f08fa-8fd6-3bd4-a01a-4b8b4847a44b"/>
	<Project Path="boot_trace_example.vcxproj" Type="8bc9ceb8-8b4a-11d0-8d11-00a0c91bc942" Id="782d314e-ddda-3508-a694-486e4c14de21">
		<BuildDependency Project="ZERO_CHECK.vcxproj"/>
	</Project>
	<Project Path="copy_web_files.vcxproj" Type="8bc9ceb8-8b4a-11d0-8d11-00a0c91bc942" Id="4ef6cb5b-ceee-3200-acc9-49f287f88332">
		<BuildDependency Project="ZERO_CHECK.vcxproj"/>
	</Project>
	<Project Path="debug_harness.vcxproj" Type="8bc9ceb8-8b4a-11d0-8d11-00a0c91bc942" Id="47ccc6c6-a706-3b24-8953-28fa198b48f0">
		<BuildDependency Project="ZERO_CHECK.vcxproj"/>
	</Project>
	<Project Path="ia64_iso_matrix.vcxproj" Type="8bc9ceb8-8b4a-11d0-8d11-00a0c91bc942" Id="4941c7c0-d335-335e-bceb-8b658c5549fa">
		<BuildDependency Project="ZERO_CHECK.vcxproj"/>
	</Project>
	<Project Path="ia64emu.vcxproj" Type="8bc9ceb8-8b4a-11d0-8d11-00a0c91bc942" Id="0de11ed8-d891-3a12-bab7-13e2c6b385d5">
		<BuildDependency Project="ZERO_CHECK.vcxproj"/>
	</Project>
	<Project Path="ia64emu_tests.vcxproj" Type="8bc9ceb8-8b4a-11d0-8d11-00a0c91bc942" Id="b3809289-b17b-36c3-85e8-f50d230e2f4c">
		<BuildDependency Project="ZERO_CHECK.vcxproj"/>
	</Project>
	<Project Path="kernel_validation_example.vcxproj" Type="8bc9ceb8-8b4a-11d0-8d11-00a0c91bc942" Id="52b50892-60a2-323f-b9fe-f0b157bd151d">
		<BuildDependency Project="ZERO_CHECK.vcxproj"/>
	</Project>
	<Project Path="test_bootstrap.vcxproj" Type="8bc9ceb8-8b4a-11d0-8d11-00a0c91bc942" Id="16567a06-3a98-3e81-a01b-995c1d01098d">
		<BuildDependency Project="ZERO_CHECK.vcxproj"/>
	</Project>
	<Project Path="test_cpu_execution.vcxproj" Type="8bc9ceb8-8b4a-11d0-8d11-00a0c91bc942" Id="e45bb426-773f-3985-8bd6-5cb81759e79c">
		<BuildDependency Project="ZERO_CHECK.vcxproj"/>
	</Project>
	<Project Path="test_debugger.vcxproj" Type="8bc9ceb8-8b4a-11d0-8d11-00a0c91bc942" Id="5791c6ed-0d86-378a-9c10-939bcba42bfb">
		<BuildDependency Project="ZERO_CHECK.vcxproj"/>
	</Project>
	<Project Path="test_elf_validation.vcxproj" Type="8bc9ceb8-8b4a-11d0-8d11-00a0c91bc942" Id="f552c7eb-0dfc-331b-878a-ec301d110860">
		<BuildDependency Project="ZERO_CHECK.vcxproj"/>
	</Project>
	<Project Path="test_fuzzer.vcxproj" Type="8bc9ceb8-8b4a-11d0-8d11-00a0c91bc942" Id="a6683b19-4066-3111-baf1-c4d26c32955b">
		<BuildDependency Project="ZERO_CHECK.vcxproj"/>
	</Project>
	<Project Path="test_io_devices.vcxproj" Type="8bc9ceb8-8b4a-11d0-8d11-00a0c91bc942" Id="728b5d06-fe8e-3299-93f0-40ccf1281207">
		<BuildDependency Project="ZERO_CHECK.vcxproj"/>
	</Project>
	<Project Path="test_isa_plugin.vcxproj" Type="8bc9ceb8-8b4a-11d0-8d11-00a0c91bc942" Id="9a397c17-23e5-3f39-8e51-3bc5a3a580ec">
		<BuildDependency Project="ZERO_CHECK.vcxproj"/>
	</Project>
	<Project Path="test_mov_imm.vcxproj" Type="8bc9ceb8-8b4a-11d0-8d11-00a0c91bc942" Id="40c4b4dc-c330-36b2-a44e-dabe71edfcdd">
		<BuildDependency Project="ZERO_CHECK.vcxproj"/>
	</Project>
	<Project Path="test_new_instructions.vcxproj" Type="8bc9ceb8-8b4a-11d0-8d11-00a0c91bc942" Id="fa8d0035-1521-3b43-a5b8-90e44660a9a6">
		<BuildDependency Project="ZERO_CHECK.vcxproj"/>
	</Project>
	<Project Path="test_profiler.vcxproj" Type="8bc9ceb8-8b4a-11d0-8d11-00a0c91bc942" Id="a4a4941e-ba39-35ed-be18-e074fc4bca09">
		<BuildDependency Project="ZERO_CHECK.vcxproj"/>
	</Project>
	<Project Path="test_riscv_decoder.vcxproj" Type="8bc9ceb8-8b4a-11d0-8d11-00a0c91bc942" Id="94071d7f-00a4-3d5d-bfd1-596745f6ae20">
		<BuildDependency Project="ZERO_CHECK.vcxproj"/>
	</Project>
	<Project Path="test_riscv_fetch_decode.vcxproj" Type="8bc9ceb8-8b4a-11d0-8d11-00a0c91bc942" Id="9f6fe0cf-c336-3df3-8ea7-b471985b7be5">
		<BuildDependency Project="ZERO_CHECK.vcxproj"/>
	</Project>
	<Project Path="test_riscv_minimal_execution.vcxproj" Type="8bc9ceb8-8b4a-11d0-8d11-00a0c91bc942" Id="4dd3ae48-5e14-366c-b629-4f237acdfaf7">
		<BuildDependency Project="ZERO_CHECK.vcxproj"/>
	</Project>
	<Project Path="test_syscall_dispatcher.vcxproj" Type="8bc9ceb8-8b4a-11d0-8d11-00a0c91bc942" Id="7d16e89d-797f-3c5b-b98c-e399eea8cd6a">
		<BuildDependency Project="ZERO_CHECK.vcxproj"/>
	</Project>
	<Project Path="test_vm_isolation.vcxproj" Type="8bc9ceb8-8b4a-11d0-8d11-00a0c91bc942" Id="1eb6dad8-d2ec-3d7d-a957-556458ca8b83">
		<BuildDependency Project="ZERO_CHECK.vcxproj"/>
	</Project>
	<Project Path="test_vmmanager.vcxproj" Type="8bc9ceb8-8b4a-11d0-8d11-00a0c91bc942" Id="de61693e-79c0-3552-8587-782f2104dc8d">
		<BuildDependency Project="ZERO_CHECK.vcxproj"/>
	</Project>
	<Project Path="test_watchpoint.vcxproj" Type="8bc9ceb8-8b4a-11d0-8d11-00a0c91bc942" Id="eb3bdf6f-f286-3c2f-a93a-9b0cad28902b">
		<BuildDependency Project="ZERO_CHECK.vcxproj"/>
	</Project>
	<Project Path="virtual_devices_example.vcxproj" Type="8bc9ceb8-8b4a-11d0-8d11-00a0c91bc942" Id="ee6cdac9-1bcd-36aa-a26b-7c3c179053d8">
		<BuildDependency Project="ZERO_CHECK.vcxproj"/>
	</Project>
	<Project Path="virtual_disk_example.vcxproj" Type="8bc9ceb8-8b4a-11d0-8d11-00a0c91bc942" Id="d6a23728-3645-350f-96e3-cb15a315697a">
		<BuildDependency Project="ZERO_CHECK.vcxproj"/>
	</Project>
	<Project Path="webui_example.vcxproj" Type="8bc9ceb8-8b4a-11d0-8d11-00a0c91bc942" Id="2f04c86c-76f0-3eaf-952e-78eb846c4ab5">
		<BuildDependency Project="ZERO_CHECK.vcxproj"/>
		<BuildDependency Project="copy_web_files.vcxproj"/>
	</Project>
</Solution>
